// !$*UTF8*$!
{
	archiveVersion = 1;
	classes = {
	};
	objectVersion = 55;
	objects = {

/* Begin PBXBuildFile section */
		2970ECF74EF0A3853D7BD0DA /* ErrorTracker.swift in Sources */ = {isa = PBXBuildFile; fileRef = BED5B450446E2DE5381572A9 /* ErrorTracker.swift */; };
		33A79C6C07A52C6FF4E3CD29 /* ViewModelType.swift in Sources */ = {isa = PBXBuildFile; fileRef = 398E758BA02915DF19541DFC /* ViewModelType.swift */; };
		882B13F119E98405B3D1A0C0 /* RxPackage.framework in Frameworks */ = {isa = PBXBuildFile; fileRef = 0EFDB399DD2BA9F4B358A5CA /* RxPackage.framework */; };
		89E84B1A86BE215EDC0159F5 /* ViewModel.swift in Sources */ = {isa = PBXBuildFile; fileRef = 5C576932B0A35B82A20C2294 /* ViewModel.swift */; };
		9D620BDD3B3E5C9F46BFEF0A /* LoadingTracker.swift in Sources */ = {isa = PBXBuildFile; fileRef = A086781C2DCE78B67A3105ED /* LoadingTracker.swift */; };
		BDFBB5ED726543B55F78AD25 /* Logger.framework in Frameworks */ = {isa = PBXBuildFile; fileRef = 22B08FA66554F6013F245F54 /* Logger.framework */; };
		F3801F16DD81D8284B8487B7 /* Extensions.framework in Frameworks */ = {isa = PBXBuildFile; fileRef = 9A24069556092BE9BCE1E747 /* Extensions.framework */; };
/* End PBXBuildFile section */

/* Begin PBXCopyFilesBuildPhase section */
		E9DC61C61471E3ECEE6B9416 /* Embed Frameworks */ = {
			isa = PBXCopyFilesBuildPhase;
			buildActionMask = 2147483647;
			dstPath = "";
			dstSubfolderSpec = 10;
			files = (
			);
			name = "Embed Frameworks";
			runOnlyForDeploymentPostprocessing = 0;
		};
/* End PBXCopyFilesBuildPhase section */

/* Begin PBXFileReference section */
		00A134553E06FF1131031D83 /* Staging.xcconfig */ = {isa = PBXFileReference; lastKnownFileType = text.xcconfig; path = Staging.xcconfig; sourceTree = "<group>"; };
		0EFDB399DD2BA9F4B358A5CA /* RxPackage.framework */ = {isa = PBXFileReference; explicitFileType = wrapper.framework; includeInIndex = 0; path = RxPackage.framework; sourceTree = BUILT_PRODUCTS_DIR; };
		1D405BA97E0FD84D6496A940 /* Development.xcconfig */ = {isa = PBXFileReference; lastKnownFileType = text.xcconfig; path = Development.xcconfig; sourceTree = "<group>"; };
		22B08FA66554F6013F245F54 /* Logger.framework */ = {isa = PBXFileReference; explicitFileType = wrapper.framework; includeInIndex = 0; path = Logger.framework; sourceTree = BUILT_PRODUCTS_DIR; };
		398E758BA02915DF19541DFC /* ViewModelType.swift */ = {isa = PBXFileReference; lastKnownFileType = sourcecode.swift; path = ViewModelType.swift; sourceTree = "<group>"; };
		5C576932B0A35B82A20C2294 /* ViewModel.swift */ = {isa = PBXFileReference; lastKnownFileType = sourcecode.swift; path = ViewModel.swift; sourceTree = "<group>"; };
		75BD952F30D0438CC7BDAF78 /* libViewModel.a */ = {isa = PBXFileReference; explicitFileType = archive.ar; includeInIndex = 0; path = libViewModel.a; sourceTree = BUILT_PRODUCTS_DIR; };
		9A24069556092BE9BCE1E747 /* Extensions.framework */ = {isa = PBXFileReference; explicitFileType = wrapper.framework; includeInIndex = 0; path = Extensions.framework; sourceTree = BUILT_PRODUCTS_DIR; };
		A086781C2DCE78B67A3105ED /* LoadingTracker.swift */ = {isa = PBXFileReference; lastKnownFileType = sourcecode.swift; path = LoadingTracker.swift; sourceTree = "<group>"; };
		BED5B450446E2DE5381572A9 /* ErrorTracker.swift */ = {isa = PBXFileReference; lastKnownFileType = sourcecode.swift; path = ErrorTracker.swift; sourceTree = "<group>"; };
		C12982E8E4356954FEFDAA4F /* Production.xcconfig */ = {isa = PBXFileReference; lastKnownFileType = text.xcconfig; path = Production.xcconfig; sourceTree = "<group>"; };
/* End PBXFileReference section */

/* Begin PBXFrameworksBuildPhase section */
		CD0FD15328809AD10368C82D /* Frameworks */ = {
			isa = PBXFrameworksBuildPhase;
			buildActionMask = 2147483647;
			files = (
				F3801F16DD81D8284B8487B7 /* Extensions.framework in Frameworks */,
				BDFBB5ED726543B55F78AD25 /* Logger.framework in Frameworks */,
				882B13F119E98405B3D1A0C0 /* RxPackage.framework in Frameworks */,
			);
			runOnlyForDeploymentPostprocessing = 0;
		};
/* End PBXFrameworksBuildPhase section */

/* Begin PBXGroup section */
		1937DCD50E661254A30B9A42 = {
			isa = PBXGroup;
			children = (
				CC9CDE7745D8FEB999C1EBF0 /* Project */,
				AC0153089AE4010712AE72A6 /* Products */,
			);
			sourceTree = "<group>";
		};
		2D42E622FCB716C67F8F42DC /* Sources */ = {
			isa = PBXGroup;
			children = (
				BED5B450446E2DE5381572A9 /* ErrorTracker.swift */,
				A086781C2DCE78B67A3105ED /* LoadingTracker.swift */,
				5C576932B0A35B82A20C2294 /* ViewModel.swift */,
				398E758BA02915DF19541DFC /* ViewModelType.swift */,
			);
			path = Sources;
			sourceTree = "<group>";
		};
		A67439EE5137DFC7D2A7D6A5 /* Configuration */ = {
			isa = PBXGroup;
			children = (
				1D405BA97E0FD84D6496A940 /* Development.xcconfig */,
				C12982E8E4356954FEFDAA4F /* Production.xcconfig */,
				00A134553E06FF1131031D83 /* Staging.xcconfig */,
			);
			name = Configuration;
			path = ../../../Configuration;
			sourceTree = "<group>";
		};
		AC0153089AE4010712AE72A6 /* Products */ = {
			isa = PBXGroup;
			children = (
				9A24069556092BE9BCE1E747 /* Extensions.framework */,
				75BD952F30D0438CC7BDAF78 /* libViewModel.a */,
				22B08FA66554F6013F245F54 /* Logger.framework */,
				0EFDB399DD2BA9F4B358A5CA /* RxPackage.framework */,
			);
			name = Products;
			sourceTree = "<group>";
		};
		CC9CDE7745D8FEB999C1EBF0 /* Project */ = {
			isa = PBXGroup;
			children = (
				A67439EE5137DFC7D2A7D6A5 /* Configuration */,
				2D42E622FCB716C67F8F42DC /* Sources */,
			);
			name = Project;
			sourceTree = "<group>";
		};
/* End PBXGroup section */

/* Begin PBXNativeTarget section */
		8B41057EB8DAF1EF0C99EF28 /* ViewModel */ = {
			isa = PBXNativeTarget;
			buildConfigurationList = 735D597216F6122462D4B5E4 /* Build configuration list for PBXNativeTarget "ViewModel" */;
			buildPhases = (
				E54066DE5F047ED22A17DFD3 /* Sources */,
				A931A57B2FAE76D7C0D7A806 /* Resources */,
				E9DC61C61471E3ECEE6B9416 /* Embed Frameworks */,
				CD0FD15328809AD10368C82D /* Frameworks */,
			);
			buildRules = (
			);
			dependencies = (
			);
			name = ViewModel;
			productName = ViewModel;
			productReference = 75BD952F30D0438CC7BDAF78 /* libViewModel.a */;
			productType = "com.apple.product-type.library.static";
		};
/* End PBXNativeTarget section */

/* Begin PBXProject section */
		C344053EE49CE01D2F9161B4 /* Project object */ = {
			isa = PBXProject;
			attributes = {
				BuildIndependentTargetsInParallel = YES;
				ORGANIZATIONNAME = kr.co.supermove.rush;
				TargetAttributes = {
				};
			};
			buildConfigurationList = 5F419F64D21A60A76CED2454 /* Build configuration list for PBXProject "ViewModel" */;
			compatibilityVersion = "Xcode 14.0";
			developmentRegion = en;
			hasScannedForEncodings = 0;
			knownRegions = (
				Base,
				en,
			);
			mainGroup = 1937DCD50E661254A30B9A42;
			productRefGroup = AC0153089AE4010712AE72A6 /* Products */;
			projectDirPath = "";
			projectRoot = "";
			targets = (
				8B41057EB8DAF1EF0C99EF28 /* ViewModel */,
			);
		};
/* End PBXProject section */

/* Begin PBXResourcesBuildPhase section */
		A931A57B2FAE76D7C0D7A806 /* Resources */ = {
			isa = PBXResourcesBuildPhase;
			buildActionMask = 2147483647;
			files = (
			);
			runOnlyForDeploymentPostprocessing = 0;
		};
/* End PBXResourcesBuildPhase section */

/* Begin PBXSourcesBuildPhase section */
		E54066DE5F047ED22A17DFD3 /* Sources */ = {
			isa = PBXSourcesBuildPhase;
			buildActionMask = 2147483647;
			files = (
				2970ECF74EF0A3853D7BD0DA /* ErrorTracker.swift in Sources */,
				9D620BDD3B3E5C9F46BFEF0A /* LoadingTracker.swift in Sources */,
				89E84B1A86BE215EDC0159F5 /* ViewModel.swift in Sources */,
				33A79C6C07A52C6FF4E3CD29 /* ViewModelType.swift in Sources */,
			);
			runOnlyForDeploymentPostprocessing = 0;
		};
/* End PBXSourcesBuildPhase section */

/* Begin XCBuildConfiguration section */
		2F7604CEED7DCB670494F33A /* Development */ = {
			isa = XCBuildConfiguration;
			baseConfigurationReference = 1D405BA97E0FD84D6496A940 /* Development.xcconfig */;
			buildSettings = {
				ALWAYS_SEARCH_USER_PATHS = NO;
				CLANG_ANALYZER_LOCALIZABILITY_NONLOCALIZED = YES;
				CLANG_ANALYZER_NONNULL = YES;
				CLANG_ANALYZER_NUMBER_OBJECT_CONVERSION = YES_AGGRESSIVE;
				CLANG_CXX_LANGUAGE_STANDARD = "gnu++14";
				CLANG_CXX_LIBRARY = "libc++";
				CLANG_ENABLE_MODULES = YES;
				CLANG_ENABLE_OBJC_ARC = YES;
				CLANG_ENABLE_OBJC_WEAK = YES;
				CLANG_WARN_BLOCK_CAPTURE_AUTORELEASING = YES;
				CLANG_WARN_BOOL_CONVERSION = YES;
				CLANG_WARN_COMMA = YES;
				CLANG_WARN_CONSTANT_CONVERSION = YES;
				CLANG_WARN_DEPRECATED_OBJC_IMPLEMENTATIONS = YES;
				CLANG_WARN_DIRECT_OBJC_ISA_USAGE = YES_ERROR;
				CLANG_WARN_DOCUMENTATION_COMMENTS = YES;
				CLANG_WARN_EMPTY_BODY = YES;
				CLANG_WARN_ENUM_CONVERSION = YES;
				CLANG_WARN_INFINITE_RECURSION = YES;
				CLANG_WARN_INT_CONVERSION = YES;
				CLANG_WARN_NON_LITERAL_NULL_CONVERSION = YES;
				CLANG_WARN_OBJC_IMPLICIT_RETAIN_SELF = YES;
				CLANG_WARN_OBJC_LITERAL_CONVERSION = YES;
				CLANG_WARN_OBJC_ROOT_CLASS = YES_ERROR;
				CLANG_WARN_QUOTED_INCLUDE_IN_FRAMEWORK_HEADER = YES;
				CLANG_WARN_RANGE_LOOP_ANALYSIS = YES;
				CLANG_WARN_STRICT_PROTOTYPES = YES;
				CLANG_WARN_SUSPICIOUS_MOVE = YES;
				CLANG_WARN_UNGUARDED_AVAILABILITY = YES_AGGRESSIVE;
				CLANG_WARN_UNREACHABLE_CODE = YES;
				CLANG_WARN__DUPLICATE_METHOD_MATCH = YES;
				COPY_PHASE_STRIP = NO;
				DEAD_CODE_STRIPPING = YES;
				DEBUG_INFORMATION_FORMAT = dwarf;
				ENABLE_STRICT_OBJC_MSGSEND = YES;
				ENABLE_TESTABILITY = YES;
				GCC_C_LANGUAGE_STANDARD = gnu11;
				GCC_DYNAMIC_NO_PIC = NO;
				GCC_NO_COMMON_BLOCKS = YES;
				GCC_OPTIMIZATION_LEVEL = 0;
				GCC_PREPROCESSOR_DEFINITIONS = (
					"DEBUG=1",
					"$(inherited)",
				);
				GCC_WARN_64_TO_32_BIT_CONVERSION = YES;
				GCC_WARN_ABOUT_RETURN_TYPE = YES_ERROR;
				GCC_WARN_UNDECLARED_SELECTOR = YES;
				GCC_WARN_UNINITIALIZED_AUTOS = YES_AGGRESSIVE;
				GCC_WARN_UNUSED_FUNCTION = YES;
				GCC_WARN_UNUSED_VARIABLE = YES;
				MTL_ENABLE_DEBUG_INFO = YES;
				ONLY_ACTIVE_ARCH = YES;
				PRODUCT_NAME = "$(TARGET_NAME)";
			};
			name = Development;
		};
		4D41F693E2BC54CA7BE326CD /* Development */ = {
			isa = XCBuildConfiguration;
			baseConfigurationReference = 1D405BA97E0FD84D6496A940 /* Development.xcconfig */;
			buildSettings = {
				CODE_SIGN_IDENTITY = "iPhone Developer";
				CODE_SIGN_STYLE = Automatic;
				DEVELOPMENT_TEAM = PDVB5YP5F7;
				HEADER_SEARCH_PATHS = (
					"$(inherited)",
					"$(inherited)",
					"$(SRCROOT)/../../../Tuist/.build/checkouts/RxSwift/Sources/RxCocoaRuntime/include",
				);
				IPHONEOS_DEPLOYMENT_TARGET = 14.0;
				OTHER_CFLAGS = (
					"$(inherited)",
					"-fmodule-map-file=$(SRCROOT)/../../../Tuist/.build/tuist-derived/RxCocoaRuntime/RxCocoaRuntime.modulemap",
				);
				OTHER_LDFLAGS = "-ObjC";
				OTHER_SWIFT_FLAGS = (
					"$(inherited)",
					"-Xcc",
					"-fmodule-map-file=$(SRCROOT)/../../../Tuist/.build/tuist-derived/RxCocoaRuntime/RxCocoaRuntime.modulemap",
				);
				PRODUCT_BUNDLE_IDENTIFIER = kr.co.supermove.rush.ViewModel;
				PRODUCT_NAME = ViewModel;
				SDKROOT = iphoneos;
				SKIP_INSTALL = YES;
				SUPPORTS_MACCATALYST = NO;
				SUPPORTS_MAC_DESIGNED_FOR_IPHONE_IPAD = NO;
				SUPPORTS_XR_DESIGNED_FOR_IPHONE_IPAD = NO;
				SWIFT_ACTIVE_COMPILATION_CONDITIONS = (
					"$(inherited)",
					DEBUG,
				);
				SWIFT_COMPILATION_MODE = singlefile;
				SWIFT_OPTIMIZATION_LEVEL = "-Onone";
				SWIFT_VERSION = 5.0;
				TARGETED_DEVICE_FAMILY = 1;
			};
			name = Development;
		};
		74D75FD1781C53F7ECB16938 /* Staging */ = {
			isa = XCBuildConfiguration;
			baseConfigurationReference = 00A134553E06FF1131031D83 /* Staging.xcconfig */;
			buildSettings = {
				CODE_SIGN_IDENTITY = "iPhone Developer";
				CODE_SIGN_STYLE = Automatic;
				DEVELOPMENT_TEAM = PDVB5YP5F7;
				HEADER_SEARCH_PATHS = (
					"$(inherited)",
					"$(inherited)",
					"$(SRCROOT)/../../../Tuist/.build/checkouts/RxSwift/Sources/RxCocoaRuntime/include",
				);
				IPHONEOS_DEPLOYMENT_TARGET = 14.0;
				OTHER_CFLAGS = (
					"$(inherited)",
					"-fmodule-map-file=$(SRCROOT)/../../../Tuist/.build/tuist-derived/RxCocoaRuntime/RxCocoaRuntime.modulemap",
				);
				OTHER_LDFLAGS = "-ObjC";
				OTHER_SWIFT_FLAGS = (
					"$(inherited)",
					"-Xcc",
					"-fmodule-map-file=$(SRCROOT)/../../../Tuist/.build/tuist-derived/RxCocoaRuntime/RxCocoaRuntime.modulemap",
				);
				PRODUCT_BUNDLE_IDENTIFIER = kr.co.supermove.rush.ViewModel;
				PRODUCT_NAME = ViewModel;
				SDKROOT = iphoneos;
				SKIP_INSTALL = YES;
				SUPPORTS_MACCATALYST = NO;
				SUPPORTS_MAC_DESIGNED_FOR_IPHONE_IPAD = NO;
				SUPPORTS_XR_DESIGNED_FOR_IPHONE_IPAD = NO;
				SWIFT_ACTIVE_COMPILATION_CONDITIONS = (
					"$(inherited)",
					DEBUG,
				);
				SWIFT_COMPILATION_MODE = singlefile;
				SWIFT_OPTIMIZATION_LEVEL = "-Onone";
				SWIFT_VERSION = 5.0;
				TARGETED_DEVICE_FAMILY = 1;
			};
			name = Staging;
		};
		8D5D3684E7CE63FD69AEC9BA /* Staging */ = {
			isa = XCBuildConfiguration;
			baseConfigurationReference = 00A134553E06FF1131031D83 /* Staging.xcconfig */;
			buildSettings = {
				ALWAYS_SEARCH_USER_PATHS = NO;
				CLANG_ANALYZER_LOCALIZABILITY_NONLOCALIZED = YES;
				CLANG_ANALYZER_NONNULL = YES;
				CLANG_ANALYZER_NUMBER_OBJECT_CONVERSION = YES_AGGRESSIVE;
				CLANG_CXX_LANGUAGE_STANDARD = "gnu++14";
				CLANG_CXX_LIBRARY = "libc++";
				CLANG_ENABLE_MODULES = YES;
				CLANG_ENABLE_OBJC_ARC = YES;
				CLANG_ENABLE_OBJC_WEAK = YES;
				CLANG_WARN_BLOCK_CAPTURE_AUTORELEASING = YES;
				CLANG_WARN_BOOL_CONVERSION = YES;
				CLANG_WARN_COMMA = YES;
				CLANG_WARN_CONSTANT_CONVERSION = YES;
				CLANG_WARN_DEPRECATED_OBJC_IMPLEMENTATIONS = YES;
				CLANG_WARN_DIRECT_OBJC_ISA_USAGE = YES_ERROR;
				CLANG_WARN_DOCUMENTATION_COMMENTS = YES;
				CLANG_WARN_EMPTY_BODY = YES;
				CLANG_WARN_ENUM_CONVERSION = YES;
				CLANG_WARN_INFINITE_RECURSION = YES;
				CLANG_WARN_INT_CONVERSION = YES;
				CLANG_WARN_NON_LITERAL_NULL_CONVERSION = YES;
				CLANG_WARN_OBJC_IMPLICIT_RETAIN_SELF = YES;
				CLANG_WARN_OBJC_LITERAL_CONVERSION = YES;
				CLANG_WARN_OBJC_ROOT_CLASS = YES_ERROR;
				CLANG_WARN_QUOTED_INCLUDE_IN_FRAMEWORK_HEADER = YES;
				CLANG_WARN_RANGE_LOOP_ANALYSIS = YES;
				CLANG_WARN_STRICT_PROTOTYPES = YES;
				CLANG_WARN_SUSPICIOUS_MOVE = YES;
				CLANG_WARN_UNGUARDED_AVAILABILITY = YES_AGGRESSIVE;
				CLANG_WARN_UNREACHABLE_CODE = YES;
				CLANG_WARN__DUPLICATE_METHOD_MATCH = YES;
				COPY_PHASE_STRIP = NO;
				DEAD_CODE_STRIPPING = YES;
				DEBUG_INFORMATION_FORMAT = dwarf;
				ENABLE_STRICT_OBJC_MSGSEND = YES;
				ENABLE_TESTABILITY = YES;
				GCC_C_LANGUAGE_STANDARD = gnu11;
				GCC_DYNAMIC_NO_PIC = NO;
				GCC_NO_COMMON_BLOCKS = YES;
				GCC_OPTIMIZATION_LEVEL = 0;
				GCC_PREPROCESSOR_DEFINITIONS = (
					"DEBUG=1",
					"$(inherited)",
				);
				GCC_WARN_64_TO_32_BIT_CONVERSION = YES;
				GCC_WARN_ABOUT_RETURN_TYPE = YES_ERROR;
				GCC_WARN_UNDECLARED_SELECTOR = YES;
				GCC_WARN_UNINITIALIZED_AUTOS = YES_AGGRESSIVE;
				GCC_WARN_UNUSED_FUNCTION = YES;
				GCC_WARN_UNUSED_VARIABLE = YES;
				MTL_ENABLE_DEBUG_INFO = YES;
				ONLY_ACTIVE_ARCH = YES;
				PRODUCT_NAME = "$(TARGET_NAME)";
			};
			name = Staging;
		};
		EA1617F694B403E98CE65210 /* Production */ = {
			isa = XCBuildConfiguration;
			baseConfigurationReference = C12982E8E4356954FEFDAA4F /* Production.xcconfig */;
			buildSettings = {
				ALWAYS_SEARCH_USER_PATHS = NO;
				CLANG_ANALYZER_LOCALIZABILITY_NONLOCALIZED = YES;
				CLANG_ANALYZER_NONNULL = YES;
				CLANG_ANALYZER_NUMBER_OBJECT_CONVERSION = YES_AGGRESSIVE;
				CLANG_CXX_LANGUAGE_STANDARD = "gnu++14";
				CLANG_CXX_LIBRARY = "libc++";
				CLANG_ENABLE_MODULES = YES;
				CLANG_ENABLE_OBJC_ARC = YES;
				CLANG_ENABLE_OBJC_WEAK = YES;
				CLANG_WARN_BLOCK_CAPTURE_AUTORELEASING = YES;
				CLANG_WARN_BOOL_CONVERSION = YES;
				CLANG_WARN_COMMA = YES;
				CLANG_WARN_CONSTANT_CONVERSION = YES;
				CLANG_WARN_DEPRECATED_OBJC_IMPLEMENTATIONS = YES;
				CLANG_WARN_DIRECT_OBJC_ISA_USAGE = YES_ERROR;
				CLANG_WARN_DOCUMENTATION_COMMENTS = YES;
				CLANG_WARN_EMPTY_BODY = YES;
				CLANG_WARN_ENUM_CONVERSION = YES;
				CLANG_WARN_INFINITE_RECURSION = YES;
				CLANG_WARN_INT_CONVERSION = YES;
				CLANG_WARN_NON_LITERAL_NULL_CONVERSION = YES;
				CLANG_WARN_OBJC_IMPLICIT_RETAIN_SELF = YES;
				CLANG_WARN_OBJC_LITERAL_CONVERSION = YES;
				CLANG_WARN_OBJC_ROOT_CLASS = YES_ERROR;
				CLANG_WARN_QUOTED_INCLUDE_IN_FRAMEWORK_HEADER = YES;
				CLANG_WARN_RANGE_LOOP_ANALYSIS = YES;
				CLANG_WARN_STRICT_PROTOTYPES = YES;
				CLANG_WARN_SUSPICIOUS_MOVE = YES;
				CLANG_WARN_UNGUARDED_AVAILABILITY = YES_AGGRESSIVE;
				CLANG_WARN_UNREACHABLE_CODE = YES;
				CLANG_WARN__DUPLICATE_METHOD_MATCH = YES;
				COPY_PHASE_STRIP = NO;
				DEAD_CODE_STRIPPING = YES;
				DEBUG_INFORMATION_FORMAT = "dwarf-with-dsym";
				ENABLE_NS_ASSERTIONS = NO;
				ENABLE_STRICT_OBJC_MSGSEND = YES;
				GCC_C_LANGUAGE_STANDARD = gnu11;
				GCC_NO_COMMON_BLOCKS = YES;
				GCC_WARN_64_TO_32_BIT_CONVERSION = YES;
				GCC_WARN_ABOUT_RETURN_TYPE = YES_ERROR;
				GCC_WARN_UNDECLARED_SELECTOR = YES;
				GCC_WARN_UNINITIALIZED_AUTOS = YES_AGGRESSIVE;
				GCC_WARN_UNUSED_FUNCTION = YES;
				GCC_WARN_UNUSED_VARIABLE = YES;
				MTL_ENABLE_DEBUG_INFO = NO;
				PRODUCT_NAME = "$(TARGET_NAME)";
				VALIDATE_PRODUCT = YES;
			};
			name = Production;
		};
		FF1F73C19A401CA4791EA949 /* Production */ = {
			isa = XCBuildConfiguration;
			baseConfigurationReference = C12982E8E4356954FEFDAA4F /* Production.xcconfig */;
			buildSettings = {
				CODE_SIGN_IDENTITY = "iPhone Developer";
				CODE_SIGN_STYLE = Automatic;
				DEVELOPMENT_TEAM = PDVB5YP5F7;
				HEADER_SEARCH_PATHS = (
					"$(inherited)",
					"$(inherited)",
					"$(SRCROOT)/../../../Tuist/.build/checkouts/RxSwift/Sources/RxCocoaRuntime/include",
				);
				IPHONEOS_DEPLOYMENT_TARGET = 14.0;
				OTHER_CFLAGS = (
					"$(inherited)",
					"-fmodule-map-file=$(SRCROOT)/../../../Tuist/.build/tuist-derived/RxCocoaRuntime/RxCocoaRuntime.modulemap",
				);
				OTHER_LDFLAGS = "-ObjC";
				OTHER_SWIFT_FLAGS = (
					"$(inherited)",
					"-Xcc",
					"-fmodule-map-file=$(SRCROOT)/../../../Tuist/.build/tuist-derived/RxCocoaRuntime/RxCocoaRuntime.modulemap",
				);
				PRODUCT_BUNDLE_IDENTIFIER = kr.co.supermove.rush.ViewModel;
				PRODUCT_NAME = ViewModel;
				SDKROOT = iphoneos;
				SKIP_INSTALL = YES;
				SUPPORTS_MACCATALYST = NO;
				SUPPORTS_MAC_DESIGNED_FOR_IPHONE_IPAD = NO;
				SUPPORTS_XR_DESIGNED_FOR_IPHONE_IPAD = NO;
				SWIFT_COMPILATION_MODE = wholemodule;
				SWIFT_OPTIMIZATION_LEVEL = "-Owholemodule";
				SWIFT_VERSION = 5.0;
				TARGETED_DEVICE_FAMILY = 1;
			};
			name = Production;
		};
/* End XCBuildConfiguration section */

/* Begin XCConfigurationList section */
		5F419F64D21A60A76CED2454 /* Build configuration list for PBXProject "ViewModel" */ = {
			isa = XCConfigurationList;
			buildConfigurations = (
				2F7604CEED7DCB670494F33A /* Development */,
				EA1617F694B403E98CE65210 /* Production */,
				8D5D3684E7CE63FD69AEC9BA /* Staging */,
			);
			defaultConfigurationIsVisible = 0;
			defaultConfigurationName = Production;
		};
		735D597216F6122462D4B5E4 /* Build configuration list for PBXNativeTarget "ViewModel" */ = {
			isa = XCConfigurationList;
			buildConfigurations = (
				4D41F693E2BC54CA7BE326CD /* Development */,
				FF1F73C19A401CA4791EA949 /* Production */,
				74D75FD1781C53F7ECB16938 /* Staging */,
			);
			defaultConfigurationIsVisible = 0;
			defaultConfigurationName = Production;
		};
/* End XCConfigurationList section */
	};
	rootObject = C344053EE49CE01D2F9161B4 /* Project object */;
}
